{
  "name": "hashi",
  "version": "0.0.0",
  "lockfileVersion": 1,
  "dependencies": {
    "@types/google.analytics": {
      "version": "0.0.33",
      "resolved": "https://registry.npmjs.org/@types/google.analytics/-/google.analytics-0.0.33.tgz",
      "integrity": "sha1-mOcE7WBSIU6gtf0wlY1MPXDqBHk=",
      "dev": true
    }
  }
}
